
Microsoft Visual Studio Solution File, Format Version 12.00
# Visual Studio Version 16
VisualStudioVersion = 16.0.29609.76
MinimumVisualStudioVersion = 10.0.40219.1
Project("{FAE04EC0-301F-11D3-BF4B-00C04F79EFBC}") = "JIMapTrans.Manager", "src\JIMapTrans.Manager\JIMapTrans.Manager.csproj", "{9E306504-FA6A-41C4-9DC3-4894334D966F}"
EndProject
Project("{FAE04EC0-301F-11D3-BF4B-00C04F79EFBC}") = "JIMapTrans.Model3DConverter", "src\JIMapTrans.Model3DConverter\JIMapTrans.Model3DConverter.csproj", "{F985148D-8CB4-4549-AECD-23E3B7B11688}"
EndProject
Project("{FAE04EC0-301F-11D3-BF4B-00C04F79EFBC}") = "JIMapTrans.Dependencies", "src\JIMapTrans.Dependencies\JIMapTrans.Dependencies.csproj", "{8A0004D7-9528-4E29-8B5E-45DC63ABE89F}"
EndProject
Project("{FAE04EC0-301F-11D3-BF4B-00C04F79EFBC}") = "JIMapTrans.DataUploader", "src\JIMapTrans.DataUploader\JIMapTrans.DataUploader.csproj", "{9F7E56D8-EA32-4B7E-A212-6C189B2E2B2F}"
EndProject
Project("{FAE04EC0-301F-11D3-BF4B-00C04F79EFBC}") = "JIMapTrans.Common", "src\JIMapTrans.Common\JIMapTrans.Common.csproj", "{390C0659-D378-4AC6-9443-4372000874FF}"
EndProject
Project("{FAE04EC0-301F-11D3-BF4B-00C04F79EFBC}") = "JIMapTrans.Logger", "src\JIMapTrans.Logger\JIMapTrans.Logger.csproj", "{C8E770B0-6D66-4A8B-9809-0F9BEDC2EA0B}"
EndProject
Project("{FAE04EC0-301F-11D3-BF4B-00C04F79EFBC}") = "JIMapTrans.GdalManager", "src\JIMapTrans.Gdal\JIMapTrans.GdalManager.csproj", "{A4C3EB92-1BC1-4E1B-A58C-DF4B33172C25}"
EndProject
Global
	GlobalSection(SolutionConfigurationPlatforms) = preSolution
		Debug|Any CPU = Debug|Any CPU
		Debug|x64 = Debug|x64
		Release|Any CPU = Release|Any CPU
		Release|x64 = Release|x64
	EndGlobalSection
	GlobalSection(ProjectConfigurationPlatforms) = postSolution
		{9E306504-FA6A-41C4-9DC3-4894334D966F}.Debug|Any CPU.ActiveCfg = Debug|Any CPU
		{9E306504-FA6A-41C4-9DC3-4894334D966F}.Debug|Any CPU.Build.0 = Debug|Any CPU
		{9E306504-FA6A-41C4-9DC3-4894334D966F}.Debug|x64.ActiveCfg = Debug|x64
		{9E306504-FA6A-41C4-9DC3-4894334D966F}.Debug|x64.Build.0 = Debug|x64
		{9E306504-FA6A-41C4-9DC3-4894334D966F}.Release|Any CPU.ActiveCfg = Release|Any CPU
		{9E306504-FA6A-41C4-9DC3-4894334D966F}.Release|Any CPU.Build.0 = Release|Any CPU
		{9E306504-FA6A-41C4-9DC3-4894334D966F}.Release|x64.ActiveCfg = Release|x64
		{9E306504-FA6A-41C4-9DC3-4894334D966F}.Release|x64.Build.0 = Release|x64
		{F985148D-8CB4-4549-AECD-23E3B7B11688}.Debug|Any CPU.ActiveCfg = Debug|Any CPU
		{F985148D-8CB4-4549-AECD-23E3B7B11688}.Debug|Any CPU.Build.0 = Debug|Any CPU
		{F985148D-8CB4-4549-AECD-23E3B7B11688}.Debug|x64.ActiveCfg = Debug|Any CPU
		{F985148D-8CB4-4549-AECD-23E3B7B11688}.Debug|x64.Build.0 = Debug|Any CPU
		{F985148D-8CB4-4549-AECD-23E3B7B11688}.Release|Any CPU.ActiveCfg = Release|Any CPU
		{F985148D-8CB4-4549-AECD-23E3B7B11688}.Release|Any CPU.Build.0 = Release|Any CPU
		{F985148D-8CB4-4549-AECD-23E3B7B11688}.Release|x64.ActiveCfg = Release|Any CPU
		{F985148D-8CB4-4549-AECD-23E3B7B11688}.Release|x64.Build.0 = Release|Any CPU
		{8A0004D7-9528-4E29-8B5E-45DC63ABE89F}.Debug|Any CPU.ActiveCfg = Debug|Any CPU
		{8A0004D7-9528-4E29-8B5E-45DC63ABE89F}.Debug|Any CPU.Build.0 = Debug|Any CPU
		{8A0004D7-9528-4E29-8B5E-45DC63ABE89F}.Debug|x64.ActiveCfg = Debug|Any CPU
		{8A0004D7-9528-4E29-8B5E-45DC63ABE89F}.Debug|x64.Build.0 = Debug|Any CPU
		{8A0004D7-9528-4E29-8B5E-45DC63ABE89F}.Release|Any CPU.ActiveCfg = Release|Any CPU
		{8A0004D7-9528-4E29-8B5E-45DC63ABE89F}.Release|Any CPU.Build.0 = Release|Any CPU
		{8A0004D7-9528-4E29-8B5E-45DC63ABE89F}.Release|x64.ActiveCfg = Release|Any CPU
		{8A0004D7-9528-4E29-8B5E-45DC63ABE89F}.Release|x64.Build.0 = Release|Any CPU
		{9F7E56D8-EA32-4B7E-A212-6C189B2E2B2F}.Debug|Any CPU.ActiveCfg = Debug|Any CPU
		{9F7E56D8-EA32-4B7E-A212-6C189B2E2B2F}.Debug|Any CPU.Build.0 = Debug|Any CPU
		{9F7E56D8-EA32-4B7E-A212-6C189B2E2B2F}.Debug|x64.ActiveCfg = Debug|Any CPU
		{9F7E56D8-EA32-4B7E-A212-6C189B2E2B2F}.Debug|x64.Build.0 = Debug|Any CPU
		{9F7E56D8-EA32-4B7E-A212-6C189B2E2B2F}.Release|Any CPU.ActiveCfg = Release|Any CPU
		{9F7E56D8-EA32-4B7E-A212-6C189B2E2B2F}.Release|Any CPU.Build.0 = Release|Any CPU
		{9F7E56D8-EA32-4B7E-A212-6C189B2E2B2F}.Release|x64.ActiveCfg = Release|Any CPU
		{9F7E56D8-EA32-4B7E-A212-6C189B2E2B2F}.Release|x64.Build.0 = Release|Any CPU
		{390C0659-D378-4AC6-9443-4372000874FF}.Debug|Any CPU.ActiveCfg = Debug|Any CPU
		{390C0659-D378-4AC6-9443-4372000874FF}.Debug|Any CPU.Build.0 = Debug|Any CPU
		{390C0659-D378-4AC6-9443-4372000874FF}.Debug|x64.ActiveCfg = Debug|Any CPU
		{390C0659-D378-4AC6-9443-4372000874FF}.Debug|x64.Build.0 = Debug|Any CPU
		{390C0659-D378-4AC6-9443-4372000874FF}.Release|Any CPU.ActiveCfg = Release|Any CPU
		{390C0659-D378-4AC6-9443-4372000874FF}.Release|Any CPU.Build.0 = Release|Any CPU
		{390C0659-D378-4AC6-9443-4372000874FF}.Release|x64.ActiveCfg = Release|Any CPU
		{390C0659-D378-4AC6-9443-4372000874FF}.Release|x64.Build.0 = Release|Any CPU
		{C8E770B0-6D66-4A8B-9809-0F9BEDC2EA0B}.Debug|Any CPU.ActiveCfg = Debug|Any CPU
		{C8E770B0-6D66-4A8B-9809-0F9BEDC2EA0B}.Debug|Any CPU.Build.0 = Debug|Any CPU
		{C8E770B0-6D66-4A8B-9809-0F9BEDC2EA0B}.Debug|x64.ActiveCfg = Debug|Any CPU
		{C8E770B0-6D66-4A8B-9809-0F9BEDC2EA0B}.Debug|x64.Build.0 = Debug|Any CPU
		{C8E770B0-6D66-4A8B-9809-0F9BEDC2EA0B}.Release|Any CPU.ActiveCfg = Release|Any CPU
		{C8E770B0-6D66-4A8B-9809-0F9BEDC2EA0B}.Release|Any CPU.Build.0 = Release|Any CPU
		{C8E770B0-6D66-4A8B-9809-0F9BEDC2EA0B}.Release|x64.ActiveCfg = Release|Any CPU
		{C8E770B0-6D66-4A8B-9809-0F9BEDC2EA0B}.Release|x64.Build.0 = Release|Any CPU
		{A4C3EB92-1BC1-4E1B-A58C-DF4B33172C25}.Debug|Any CPU.ActiveCfg = Debug|Any CPU
		{A4C3EB92-1BC1-4E1B-A58C-DF4B33172C25}.Debug|Any CPU.Build.0 = Debug|Any CPU
		{A4C3EB92-1BC1-4E1B-A58C-DF4B33172C25}.Debug|x64.ActiveCfg = Debug|Any CPU
		{A4C3EB92-1BC1-4E1B-A58C-DF4B33172C25}.Debug|x64.Build.0 = Debug|Any CPU
		{A4C3EB92-1BC1-4E1B-A58C-DF4B33172C25}.Release|Any CPU.ActiveCfg = Release|Any CPU
		{A4C3EB92-1BC1-4E1B-A58C-DF4B33172C25}.Release|Any CPU.Build.0 = Release|Any CPU
		{A4C3EB92-1BC1-4E1B-A58C-DF4B33172C25}.Release|x64.ActiveCfg = Release|Any CPU
		{A4C3EB92-1BC1-4E1B-A58C-DF4B33172C25}.Release|x64.Build.0 = Release|Any CPU
	EndGlobalSection
	GlobalSection(SolutionProperties) = preSolution
		HideSolutionNode = FALSE
	EndGlobalSection
	GlobalSection(ExtensibilityGlobals) = postSolution
		SolutionGuid = {0CDE2035-C7D6-4AED-BB17-2AB6616A5CA5}
	EndGlobalSection
EndGlobal
